// !$*UTF8*$!
{
	archiveVersion = 1;
	classes = {
	};
	objectVersion = 56;
	objects = {

/* Begin PBXBuildFile section */
		ABC1FCEE29DB375000A05C63 /* RestartApp.swift in Sources */ = {isa = PBXBuildFile; fileRef = ABC1FCED29DB375000A05C63 /* RestartApp.swift */; };
		ABC1FCF029DB375000A05C63 /* ContentView.swift in Sources */ = {isa = PBXBuildFile; fileRef = ABC1FCEF29DB375000A05C63 /* ContentView.swift */; };
		ABC1FCF229DB375100A05C63 /* Assets.xcassets in Resources */ = {isa = PBXBuildFile; fileRef = ABC1FCF129DB375100A05C63 /* Assets.xcassets */; };
		ABC1FCF529DB375100A05C63 /* Preview Assets.xcassets in Resources */ = {isa = PBXBuildFile; fileRef = ABC1FCF429DB375100A05C63 /* Preview Assets.xcassets */; };
		ABC1FCFD29DB396B00A05C63 /* chimeup.mp3 in Resources */ = {isa = PBXBuildFile; fileRef = ABC1FCFB29DB396B00A05C63 /* chimeup.mp3 */; };
		ABC1FCFE29DB396B00A05C63 /* success.m4a in Resources */ = {isa = PBXBuildFile; fileRef = ABC1FCFC29DB396B00A05C63 /* success.m4a */; };
		ABC1FD0629DC08B400A05C63 /* OnboardingView.swift in Sources */ = {isa = PBXBuildFile; fileRef = ABC1FD0529DC08B400A05C63 /* OnboardingView.swift */; };
		ABC1FD0829DC08C800A05C63 /* HomeView.swift in Sources */ = {isa = PBXBuildFile; fileRef = ABC1FD0729DC08C800A05C63 /* HomeView.swift */; };
		ABC1FD0C29DC0F3500A05C63 /* .gitignore in Resources */ = {isa = PBXBuildFile; fileRef = ABC1FD0B29DC0F3500A05C63 /* .gitignore */; };
		ABC1FD0E29DC3E8600A05C63 /* CircleGroupView.swift in Sources */ = {isa = PBXBuildFile; fileRef = ABC1FD0D29DC3E8600A05C63 /* CircleGroupView.swift */; };
		ABC1FD1029DC6FAE00A05C63 /* AudioPlayer.swift in Sources */ = {isa = PBXBuildFile; fileRef = ABC1FD0F29DC6FAE00A05C63 /* AudioPlayer.swift */; };
/* End PBXBuildFile section */

/* Begin PBXFileReference section */
		ABC1FCEA29DB375000A05C63 /* Restart.app */ = {isa = PBXFileReference; explicitFileType = wrapper.application; includeInIndex = 0; path = Restart.app; sourceTree = BUILT_PRODUCTS_DIR; };
		ABC1FCED29DB375000A05C63 /* RestartApp.swift */ = {isa = PBXFileReference; lastKnownFileType = sourcecode.swift; path = RestartApp.swift; sourceTree = "<group>"; };
		ABC1FCEF29DB375000A05C63 /* ContentView.swift */ = {isa = PBXFileReference; lastKnownFileType = sourcecode.swift; path = ContentView.swift; sourceTree = "<group>"; };
		ABC1FCF129DB375100A05C63 /* Assets.xcassets */ = {isa = PBXFileReference; lastKnownFileType = folder.assetcatalog; path = Assets.xcassets; sourceTree = "<group>"; };
		ABC1FCF429DB375100A05C63 /* Preview Assets.xcassets */ = {isa = PBXFileReference; lastKnownFileType = folder.assetcatalog; path = "Preview Assets.xcassets"; sourceTree = "<group>"; };
		ABC1FCFB29DB396B00A05C63 /* chimeup.mp3 */ = {isa = PBXFileReference; lastKnownFileType = audio.mp3; path = chimeup.mp3; sourceTree = "<group>"; };
		ABC1FCFC29DB396B00A05C63 /* success.m4a */ = {isa = PBXFileReference; lastKnownFileType = file; path = success.m4a; sourceTree = "<group>"; };
		ABC1FD0429DB425500A05C63 /* Info.plist */ = {isa = PBXFileReference; lastKnownFileType = text.plist; path = Info.plist; sourceTree = "<group>"; };
		ABC1FD0529DC08B400A05C63 /* OnboardingView.swift */ = {isa = PBXFileReference; lastKnownFileType = sourcecode.swift; path = OnboardingView.swift; sourceTree = "<group>"; };
		ABC1FD0729DC08C800A05C63 /* HomeView.swift */ = {isa = PBXFileReference; lastKnownFileType = sourcecode.swift; path = HomeView.swift; sourceTree = "<group>"; };
		ABC1FD0B29DC0F3500A05C63 /* .gitignore */ = {isa = PBXFileReference; fileEncoding = 4; lastKnownFileType = text; path = .gitignore; sourceTree = "<group>"; };
		ABC1FD0D29DC3E8600A05C63 /* CircleGroupView.swift */ = {isa = PBXFileReference; lastKnownFileType = sourcecode.swift; path = CircleGroupView.swift; sourceTree = "<group>"; };
		ABC1FD0F29DC6FAE00A05C63 /* AudioPlayer.swift */ = {isa = PBXFileReference; lastKnownFileType = sourcecode.swift; path = AudioPlayer.swift; sourceTree = "<group>"; };
/* End PBXFileReference section */

/* Begin PBXFrameworksBuildPhase section */
		ABC1FCE729DB375000A05C63 /* Frameworks */ = {
			isa = PBXFrameworksBuildPhase;
			buildActionMask = 2147483647;
			files = (
			);
			runOnlyForDeploymentPostprocessing = 0;
		};
/* End PBXFrameworksBuildPhase section */

/* Begin PBXGroup section */
		ABC1FCE129DB375000A05C63 = {
			isa = PBXGroup;
			children = (
				ABC1FCEC29DB375000A05C63 /* Restart */,
				ABC1FCEB29DB375000A05C63 /* Products */,
			);
			sourceTree = "<group>";
		};
		ABC1FCEB29DB375000A05C63 /* Products */ = {
			isa = PBXGroup;
			children = (
				ABC1FCEA29DB375000A05C63 /* Restart.app */,
			);
			name = Products;
			sourceTree = "<group>";
		};
		ABC1FCEC29DB375000A05C63 /* Restart */ = {
			isa = PBXGroup;
			children = (
				ABC1FD0B29DC0F3500A05C63 /* .gitignore */,
				ABC1FD0429DB425500A05C63 /* Info.plist */,
				ABC1FD0329DB40BE00A05C63 /* Utilities */,
				ABC1FD0229DB409600A05C63 /* Views */,
				ABC1FCFF29DB398100A05C63 /* Sound */,
				ABC1FCED29DB375000A05C63 /* RestartApp.swift */,
				ABC1FD0029DB405900A05C63 /* Screens */,
				ABC1FCF129DB375100A05C63 /* Assets.xcassets */,
				ABC1FCF329DB375100A05C63 /* Preview Content */,
			);
			path = Restart;
			sourceTree = "<group>";
		};
		ABC1FCF329DB375100A05C63 /* Preview Content */ = {
			isa = PBXGroup;
			children = (
				ABC1FCF429DB375100A05C63 /* Preview Assets.xcassets */,
			);
			path = "Preview Content";
			sourceTree = "<group>";
		};
		ABC1FCFF29DB398100A05C63 /* Sound */ = {
			isa = PBXGroup;
			children = (
				ABC1FCFB29DB396B00A05C63 /* chimeup.mp3 */,
				ABC1FCFC29DB396B00A05C63 /* success.m4a */,
			);
			path = Sound;
			sourceTree = "<group>";
		};
		ABC1FD0029DB405900A05C63 /* Screens */ = {
			isa = PBXGroup;
			children = (
				ABC1FCEF29DB375000A05C63 /* ContentView.swift */,
				ABC1FD0529DC08B400A05C63 /* OnboardingView.swift */,
				ABC1FD0729DC08C800A05C63 /* HomeView.swift */,
			);
			path = Screens;
			sourceTree = "<group>";
		};
		ABC1FD0229DB409600A05C63 /* Views */ = {
			isa = PBXGroup;
			children = (
				ABC1FD0D29DC3E8600A05C63 /* CircleGroupView.swift */,
			);
			path = Views;
			sourceTree = "<group>";
		};
		ABC1FD0329DB40BE00A05C63 /* Utilities */ = {
			isa = PBXGroup;
			children = (
				ABC1FD0F29DC6FAE00A05C63 /* AudioPlayer.swift */,
			);
			path = Utilities;
			sourceTree = "<group>";
		};
/* End PBXGroup section */

/* Begin PBXNativeTarget section */
		ABC1FCE929DB375000A05C63 /* Restart */ = {
			isa = PBXNativeTarget;
			buildConfigurationList = ABC1FCF829DB375100A05C63 /* Build configuration list for PBXNativeTarget "Restart" */;
			buildPhases = (
				ABC1FCE629DB375000A05C63 /* Sources */,
				ABC1FCE729DB375000A05C63 /* Frameworks */,
				ABC1FCE829DB375000A05C63 /* Resources */,
			);
			buildRules = (
			);
			dependencies = (
			);
			name = Restart;
			productName = Restart;
			productReference = ABC1FCEA29DB375000A05C63 /* Restart.app */;
			productType = "com.apple.product-type.application";
		};
/* End PBXNativeTarget section */

/* Begin PBXProject section */
		ABC1FCE229DB375000A05C63 /* Project object */ = {
			isa = PBXProject;
			attributes = {
				BuildIndependentTargetsInParallel = 1;
				LastSwiftUpdateCheck = 1430;
				LastUpgradeCheck = 1430;
				TargetAttributes = {
					ABC1FCE929DB375000A05C63 = {
						CreatedOnToolsVersion = 14.3;
					};
				};
			};
			buildConfigurationList = ABC1FCE529DB375000A05C63 /* Build configuration list for PBXProject "Restart" */;
			compatibilityVersion = "Xcode 14.0";
			developmentRegion = en;
			hasScannedForEncodings = 0;
			knownRegions = (
				en,
				Base,
			);
			mainGroup = ABC1FCE129DB375000A05C63;
			productRefGroup = ABC1FCEB29DB375000A05C63 /* Products */;
			projectDirPath = "";
			projectRoot = "";
			targets = (
				ABC1FCE929DB375000A05C63 /* Restart */,
			);
		};
/* End PBXProject section */

/* Begin PBXResourcesBuildPhase section */
		ABC1FCE829DB375000A05C63 /* Resources */ = {
			isa = PBXResourcesBuildPhase;
			buildActionMask = 2147483647;
			files = (
				ABC1FCFE29DB396B00A05C63 /* success.m4a in Resources */,
				ABC1FCFD29DB396B00A05C63 /* chimeup.mp3 in Resources */,
				ABC1FCF529DB375100A05C63 /* Preview Assets.xcassets in Resources */,
				ABC1FCF229DB375100A05C63 /* Assets.xcassets in Resources */,
				ABC1FD0C29DC0F3500A05C63 /* .gitignore in Resources */,
			);
			runOnlyForDeploymentPostprocessing = 0;
		};
/* End PBXResourcesBuildPhase section */

/* Begin PBXSourcesBuildPhase section */
		ABC1FCE629DB375000A05C63 /* Sources */ = {
			isa = PBXSourcesBuildPhase;
			buildActionMask = 2147483647;
			files = (
				ABC1FD0E29DC3E8600A05C63 /* CircleGroupView.swift in Sources */,
				ABC1FD0629DC08B400A05C63 /* OnboardingView.swift in Sources */,
				ABC1FD0829DC08C800A05C63 /* HomeView.swift in Sources */,
				ABC1FCF029DB375000A05C63 /* ContentView.swift in Sources */,
				ABC1FCEE29DB375000A05C63 /* RestartApp.swift in Sources */,
				ABC1FD1029DC6FAE00A05C63 /* AudioPlayer.swift in Sources */,
			);
			runOnlyForDeploymentPostprocessing = 0;
		};
/* End PBXSourcesBuildPhase section */

/* Begin XCBuildConfiguration section */
		ABC1FCF629DB375100A05C63 /* Debug */ = {
			isa = XCBuildConfiguration;
			buildSettings = {
				ALWAYS_SEARCH_USER_PATHS = NO;
				CLANG_ANALYZER_NONNULL = YES;
				CLANG_ANALYZER_NUMBER_OBJECT_CONVERSION = YES_AGGRESSIVE;
				CLANG_CXX_LANGUAGE_STANDARD = "gnu++20";
				CLANG_ENABLE_MODULES = YES;
				CLANG_ENABLE_OBJC_ARC = YES;
				CLANG_ENABLE_OBJC_WEAK = YES;
				CLANG_WARN_BLOCK_CAPTURE_AUTORELEASING = YES;
				CLANG_WARN_BOOL_CONVERSION = YES;
				CLANG_WARN_COMMA = YES;
				CLANG_WARN_CONSTANT_CONVERSION = YES;
				CLANG_WARN_DEPRECATED_OBJC_IMPLEMENTATIONS = YES;
				CLANG_WARN_DIRECT_OBJC_ISA_USAGE = YES_ERROR;
				CLANG_WARN_DOCUMENTATION_COMMENTS = YES;
				CLANG_WARN_EMPTY_BODY = YES;
				CLANG_WARN_ENUM_CONVERSION = YES;
				CLANG_WARN_INFINITE_RECURSION = YES;
				CLANG_WARN_INT_CONVERSION = YES;
				CLANG_WARN_NON_LITERAL_NULL_CONVERSION = YES;
				CLANG_WARN_OBJC_IMPLICIT_RETAIN_SELF = YES;
				CLANG_WARN_OBJC_LITERAL_CONVERSION = YES;
				CLANG_WARN_OBJC_ROOT_CLASS = YES_ERROR;
				CLANG_WARN_QUOTED_INCLUDE_IN_FRAMEWORK_HEADER = YES;
				CLANG_WARN_RANGE_LOOP_ANALYSIS = YES;
				CLANG_WARN_STRICT_PROTOTYPES = YES;
				CLANG_WARN_SUSPICIOUS_MOVE = YES;
				CLANG_WARN_UNGUARDED_AVAILABILITY = YES_AGGRESSIVE;
				CLANG_WARN_UNREACHABLE_CODE = YES;
				CLANG_WARN__DUPLICATE_METHOD_MATCH = YES;
				COPY_PHASE_STRIP = NO;
				DEBUG_INFORMATION_FORMAT = dwarf;
				ENABLE_STRICT_OBJC_MSGSEND = YES;
				ENABLE_TESTABILITY = YES;
				GCC_C_LANGUAGE_STANDARD = gnu11;
				GCC_DYNAMIC_NO_PIC = NO;
				GCC_NO_COMMON_BLOCKS = YES;
				GCC_OPTIMIZATION_LEVEL = 0;
				GCC_PREPROCESSOR_DEFINITIONS = (
					"DEBUG=1",
					"$(inherited)",
				);
				GCC_WARN_64_TO_32_BIT_CONVERSION = YES;
				GCC_WARN_ABOUT_RETURN_TYPE = YES_ERROR;
				GCC_WARN_UNDECLARED_SELECTOR = YES;
				GCC_WARN_UNINITIALIZED_AUTOS = YES_AGGRESSIVE;
				GCC_WARN_UNUSED_FUNCTION = YES;
				GCC_WARN_UNUSED_VARIABLE = YES;
				IPHONEOS_DEPLOYMENT_TARGET = 16.4;
				MTL_ENABLE_DEBUG_INFO = INCLUDE_SOURCE;
				MTL_FAST_MATH = YES;
				ONLY_ACTIVE_ARCH = YES;
				SDKROOT = iphoneos;
				SWIFT_ACTIVE_COMPILATION_CONDITIONS = DEBUG;
				SWIFT_OPTIMIZATION_LEVEL = "-Onone";
			};
			name = Debug;
		};
		ABC1FCF729DB375100A05C63 /* Release */ = {
			isa = XCBuildConfiguration;
			buildSettings = {
				ALWAYS_SEARCH_USER_PATHS = NO;
				CLANG_ANALYZER_NONNULL = YES;
				CLANG_ANALYZER_NUMBER_OBJECT_CONVERSION = YES_AGGRESSIVE;
				CLANG_CXX_LANGUAGE_STANDARD = "gnu++20";
				CLANG_ENABLE_MODULES = YES;
				CLANG_ENABLE_OBJC_ARC = YES;
				CLANG_ENABLE_OBJC_WEAK = YES;
				CLANG_WARN_BLOCK_CAPTURE_AUTORELEASING = YES;
				CLANG_WARN_BOOL_CONVERSION = YES;
				CLANG_WARN_COMMA = YES;
				CLANG_WARN_CONSTANT_CONVERSION = YES;
				CLANG_WARN_DEPRECATED_OBJC_IMPLEMENTATIONS = YES;
				CLANG_WARN_DIRECT_OBJC_ISA_USAGE = YES_ERROR;
				CLANG_WARN_DOCUMENTATION_COMMENTS = YES;
				CLANG_WARN_EMPTY_BODY = YES;
				CLANG_WARN_ENUM_CONVERSION = YES;
				CLANG_WARN_INFINITE_RECURSION = YES;
				CLANG_WARN_INT_CONVERSION = YES;
				CLANG_WARN_NON_LITERAL_NULL_CONVERSION = YES;
				CLANG_WARN_OBJC_IMPLICIT_RETAIN_SELF = YES;
				CLANG_WARN_OBJC_LITERAL_CONVERSION = YES;
				CLANG_WARN_OBJC_ROOT_CLASS = YES_ERROR;
				CLANG_WARN_QUOTED_INCLUDE_IN_FRAMEWORK_HEADER = YES;
				CLANG_WARN_RANGE_LOOP_ANALYSIS = YES;
				CLANG_WARN_STRICT_PROTOTYPES = YES;
				CLANG_WARN_SUSPICIOUS_MOVE = YES;
				CLANG_WARN_UNGUARDED_AVAILABILITY = YES_AGGRESSIVE;
				CLANG_WARN_UNREACHABLE_CODE = YES;
				CLANG_WARN__DUPLICATE_METHOD_MATCH = YES;
				COPY_PHASE_STRIP = NO;
				DEBUG_INFORMATION_FORMAT = "dwarf-with-dsym";
				ENABLE_NS_ASSERTIONS = NO;
				ENABLE_STRICT_OBJC_MSGSEND = YES;
				GCC_C_LANGUAGE_STANDARD = gnu11;
				GCC_NO_COMMON_BLOCKS = YES;
				GCC_WARN_64_TO_32_BIT_CONVERSION = YES;
				GCC_WARN_ABOUT_RETURN_TYPE = YES_ERROR;
				GCC_WARN_UNDECLARED_SELECTOR = YES;
				GCC_WARN_UNINITIALIZED_AUTOS = YES_AGGRESSIVE;
				GCC_WARN_UNUSED_FUNCTION = YES;
				GCC_WARN_UNUSED_VARIABLE = YES;
				IPHONEOS_DEPLOYMENT_TARGET = 16.4;
				MTL_ENABLE_DEBUG_INFO = NO;
				MTL_FAST_MATH = YES;
				SDKROOT = iphoneos;
				SWIFT_COMPILATION_MODE = wholemodule;
				SWIFT_OPTIMIZATION_LEVEL = "-O";
				VALIDATE_PRODUCT = YES;
			};
			name = Release;
		};
		ABC1FCF929DB375100A05C63 /* Debug */ = {
			isa = XCBuildConfiguration;
			buildSettings = {
				ASSETCATALOG_COMPILER_APPICON_NAME = AppIcon;
				ASSETCATALOG_COMPILER_GLOBAL_ACCENT_COLOR_NAME = AccentColor;
				CODE_SIGN_STYLE = Automatic;
				CURRENT_PROJECT_VERSION = 1;
				DEVELOPMENT_ASSET_PATHS = "\"Restart/Preview Content\"";
				DEVELOPMENT_TEAM = MV683JV6DD;
				ENABLE_PREVIEWS = YES;
				GENERATE_INFOPLIST_FILE = YES;
				INFOPLIST_FILE = Restart/Info.plist;
				INFOPLIST_KEY_UIApplicationSceneManifest_Generation = YES;
				INFOPLIST_KEY_UIApplicationSupportsIndirectInputEvents = YES;
				INFOPLIST_KEY_UISupportedInterfaceOrientations = UIInterfaceOrientationPortrait;
				LD_RUNPATH_SEARCH_PATHS = (
					"$(inherited)",
					"@executable_path/Frameworks",
				);
				MARKETING_VERSION = 1.0;
				PRODUCT_BUNDLE_IDENTIFIER = com.ThomasCreate.Restart;
				PRODUCT_NAME = "$(TARGET_NAME)";
				SWIFT_EMIT_LOC_STRINGS = YES;
				SWIFT_VERSION = 5.0;
				TARGETED_DEVICE_FAMILY = "1,2";
			};
			name = Debug;
		};
		ABC1FCFA29DB375100A05C63 /* Release */ = {
			isa = XCBuildConfiguration;
			buildSettings = {
				ASSETCATALOG_COMPILER_APPICON_NAME = AppIcon;
				ASSETCATALOG_COMPILER_GLOBAL_ACCENT_COLOR_NAME = AccentColor;
				CODE_SIGN_STYLE = Automatic;
				CURRENT_PROJECT_VERSION = 1;
				DEVELOPMENT_ASSET_PATHS = "\"Restart/Preview Content\"";
				DEVELOPMENT_TEAM = MV683JV6DD;
				ENABLE_PREVIEWS = YES;
				GENERATE_INFOPLIST_FILE = YES;
				INFOPLIST_FILE = Restart/Info.plist;
				INFOPLIST_KEY_UIApplicationSceneManifest_Generation = YES;
				INFOPLIST_KEY_UIApplicationSupportsIndirectInputEvents = YES;
				INFOPLIST_KEY_UISupportedInterfaceOrientations = UIInterfaceOrientationPortrait;
				LD_RUNPATH_SEARCH_PATHS = (
					"$(inherited)",
					"@executable_path/Frameworks",
				);
				MARKETING_VERSION = 1.0;
				PRODUCT_BUNDLE_IDENTIFIER = com.ThomasCreate.Restart;
				PRODUCT_NAME = "$(TARGET_NAME)";
				SWIFT_EMIT_LOC_STRINGS = YES;
				SWIFT_VERSION = 5.0;
				TARGETED_DEVICE_FAMILY = "1,2";
			};
			name = Release;
		};
/* End XCBuildConfiguration section */

/* Begin XCConfigurationList section */
		ABC1FCE529DB375000A05C63 /* Build configuration list for PBXProject "Restart" */ = {
			isa = XCConfigurationList;
			buildConfigurations = (
				ABC1FCF629DB375100A05C63 /* Debug */,
				ABC1FCF729DB375100A05C63 /* Release */,
			);
			defaultConfigurationIsVisible = 0;
			defaultConfigurationName = Release;
		};
		ABC1FCF829DB375100A05C63 /* Build configuration list for PBXNativeTarget "Restart" */ = {
			isa = XCConfigurationList;
			buildConfigurations = (
				ABC1FCF929DB375100A05C63 /* Debug */,
				ABC1FCFA29DB375100A05C63 /* Release */,
			);
			defaultConfigurationIsVisible = 0;
			defaultConfigurationName = Release;
		};
/* End XCConfigurationList section */
	};
	rootObject = ABC1FCE229DB375000A05C63 /* Project object */;
}
